
Microsoft Visual Studio Solution File, Format Version 12.00
# Visual Studio Version 16
VisualStudioVersion = 16.0.29926.136
MinimumVisualStudioVersion = 10.0.40219.1
Project("{FAE04EC0-301F-11D3-BF4B-00C04F79EFBC}") = "CropsExpanded", "CropsExpanded\CropsExpanded.csproj", "{DDE0DE2F-5F8C-4848-A9CA-2D1596323959}"
EndProject
Global
	GlobalSection(SolutionConfigurationPlatforms) = preSolution
		Debug|Any CPU = Debug|Any CPU
		Release|Any CPU = Release|Any CPU
	EndGlobalSection
	GlobalSection(ProjectConfigurationPlatforms) = postSolution
		{DDE0DE2F-5F8C-4848-A9CA-2D1596323959}.Debug|Any CPU.ActiveCfg = Debug|Any CPU
		{DDE0DE2F-5F8C-4848-A9CA-2D1596323959}.Debug|Any CPU.Build.0 = Debug|Any CPU
		{DDE0DE2F-5F8C-4848-A9CA-2D1596323959}.Release|Any CPU.ActiveCfg = Release|Any CPU
		{DDE0DE2F-5F8C-4848-A9CA-2D1596323959}.Release|Any CPU.Build.0 = Release|Any CPU
	EndGlobalSection
	GlobalSection(SolutionProperties) = preSolution
		HideSolutionNode = FALSE
	EndGlobalSection
	GlobalSection(ExtensibilityGlobals) = postSolution
		SolutionGuid = {2205A75B-C3A8-4BC4-BC22-5850C43130B4}
	EndGlobalSection
EndGlobal
